
Microsoft Visual Studio Solution File, Format Version 12.00
# Visual Studio 15
VisualStudioVersion = 15.0.27703.2035
MinimumVisualStudioVersion = 10.0.40219.1
Project("{F184B08F-C81C-45F6-A57F-5ABD9991F28F}") = "RepasoFinal_Discografica", "RepasoFinal_Discografica\RepasoFinal_Discografica.vbproj", "{4362DC59-D25A-47DC-8CAD-D88D97306CA9}"
EndProject
Project("{F184B08F-C81C-45F6-A57F-5ABD9991F28F}") = "Test", "Test\Test.vbproj", "{27CA7EE8-CBD7-490D-B721-2D2C2ED11604}"
EndProject
Global
	GlobalSection(SolutionConfigurationPlatforms) = preSolution
		Debug|Any CPU = Debug|Any CPU
		Release|Any CPU = Release|Any CPU
	EndGlobalSection
	GlobalSection(ProjectConfigurationPlatforms) = postSolution
		{4362DC59-D25A-47DC-8CAD-D88D97306CA9}.Debug|Any CPU.ActiveCfg = Debug|Any CPU
		{4362DC59-D25A-47DC-8CAD-D88D97306CA9}.Debug|Any CPU.Build.0 = Debug|Any CPU
		{4362DC59-D25A-47DC-8CAD-D88D97306CA9}.Release|Any CPU.ActiveCfg = Release|Any CPU
		{4362DC59-D25A-47DC-8CAD-D88D97306CA9}.Release|Any CPU.Build.0 = Release|Any CPU
		{27CA7EE8-CBD7-490D-B721-2D2C2ED11604}.Debug|Any CPU.ActiveCfg = Debug|Any CPU
		{27CA7EE8-CBD7-490D-B721-2D2C2ED11604}.Debug|Any CPU.Build.0 = Debug|Any CPU
		{27CA7EE8-CBD7-490D-B721-2D2C2ED11604}.Release|Any CPU.ActiveCfg = Release|Any CPU
		{27CA7EE8-CBD7-490D-B721-2D2C2ED11604}.Release|Any CPU.Build.0 = Release|Any CPU
	EndGlobalSection
	GlobalSection(SolutionProperties) = preSolution
		HideSolutionNode = FALSE
	EndGlobalSection
	GlobalSection(ExtensibilityGlobals) = postSolution
		SolutionGuid = {836C2A92-25FA-4EDE-9C48-A94C06EC4CE5}
	EndGlobalSection
EndGlobal
